
Microsoft Visual Studio Solution File, Format Version 12.00
# Visual Studio Version 16
VisualStudioVersion = 16.0.31624.102
MinimumVisualStudioVersion = 10.0.40219.1
Project("{FAE04EC0-301F-11D3-BF4B-00C04F79EFBC}") = "ciullajn_Assignment5", "ciullajn_Assignment5\ciullajn_Assignment5.csproj", "{64AD977D-9E26-4105-A23A-3ACDAEC3607C}"
EndProject
Global
	GlobalSection(SolutionConfigurationPlatforms) = preSolution
		Debug|Any CPU = Debug|Any CPU
		Release|Any CPU = Release|Any CPU
	EndGlobalSection
	GlobalSection(ProjectConfigurationPlatforms) = postSolution
		{64AD977D-9E26-4105-A23A-3ACDAEC3607C}.Debug|Any CPU.ActiveCfg = Debug|Any CPU
		{64AD977D-9E26-4105-A23A-3ACDAEC3607C}.Debug|Any CPU.Build.0 = Debug|Any CPU
		{64AD977D-9E26-4105-A23A-3ACDAEC3607C}.Release|Any CPU.ActiveCfg = Release|Any CPU
		{64AD977D-9E26-4105-A23A-3ACDAEC3607C}.Release|Any CPU.Build.0 = Release|Any CPU
	EndGlobalSection
	GlobalSection(SolutionProperties) = preSolution
		HideSolutionNode = FALSE
	EndGlobalSection
	GlobalSection(ExtensibilityGlobals) = postSolution
		SolutionGuid = {62FE3B65-1C13-49DF-8F74-39ADED7C0217}
	EndGlobalSection
EndGlobal
